
Microsoft Visual Studio Solution File, Format Version 12.00
# Visual Studio Version 16
VisualStudioVersion = 16.0.29806.167
MinimumVisualStudioVersion = 10.0.40219.1
Project("{2150E333-8FDC-42A3-9474-1A3956D46DE8}") = "Message-Queueing", "Message-Queueing", "{E7965095-4266-4901-A0A5-7563C93EB527}"
EndProject
Project("{2150E333-8FDC-42A3-9474-1A3956D46DE8}") = "DataBase", "DataBase", "{F7BACDB2-B8E9-47FC-A8F4-36663991CC15}"
EndProject
Project("{2150E333-8FDC-42A3-9474-1A3956D46DE8}") = "RabbitMQ", "RabbitMQ", "{33D68A3B-59F3-4424-9244-29F7EB5E7124}"
EndProject
Project("{9A19103F-16F7-4668-BE54-9A1E7A4F7556}") = "RabbitMQ_consumer", "RabbitMQ_consumer\RabbitMQ_consumer.csproj", "{381883FF-3197-4270-ACEC-346955A1F967}"
EndProject
Project("{9A19103F-16F7-4668-BE54-9A1E7A4F7556}") = "RabbitMQ_producer", "RabbitMQ_producer\RabbitMQ_producer.csproj", "{E24D7DB6-C460-4919-9037-A963C664AF52}"
EndProject
Project("{2150E333-8FDC-42A3-9474-1A3956D46DE8}") = "SQS_AWS", "SQS_AWS", "{D28806CB-B1C1-4862-A9C8-34288B651B0C}"
EndProject
Project("{9A19103F-16F7-4668-BE54-9A1E7A4F7556}") = "SQS_consumer", "SQS_consumer\SQS_consumer.csproj", "{E7ECD6E4-432F-4746-A9E7-6EFB62748D5D}"
EndProject
Project("{9A19103F-16F7-4668-BE54-9A1E7A4F7556}") = "SQS_producer", "SQS_producer\SQS_producer.csproj", "{C2EDA77A-A9AB-4233-94B6-5A4059E3FA5C}"
EndProject
Project("{2150E333-8FDC-42A3-9474-1A3956D46DE8}") = "ServiceBus_Azure", "ServiceBus_Azure", "{D76B087B-2C35-4231-8AC3-305226FB1098}"
EndProject
Project("{9A19103F-16F7-4668-BE54-9A1E7A4F7556}") = "ServiceBus_consumer", "ServiceBus_consumer\ServiceBus_consumer.csproj", "{E6019777-2F42-4911-B4F5-4AA59E3CB17C}"
EndProject
Project("{9A19103F-16F7-4668-BE54-9A1E7A4F7556}") = "ServiceBus_producer", "ServiceBus_producer\ServiceBus_producer.csproj", "{A62C1C5A-EAD4-47A7-B605-A3DF4864773D}"
EndProject
Project("{2150E333-8FDC-42A3-9474-1A3956D46DE8}") = "DynamoDB", "DynamoDB", "{7E3BBFA3-5ED5-4BF0-9F07-0B5339213569}"
EndProject
Project("{9A19103F-16F7-4668-BE54-9A1E7A4F7556}") = "DynamoDB_DataBase", "DynamoDB_Example\DynamoDB_DataBase.csproj", "{6B111ED3-CA50-4EDE-954F-0263C72A1610}"
EndProject
Project("{2150E333-8FDC-42A3-9474-1A3956D46DE8}") = "MongoDB", "MongoDB", "{90E965AA-EE14-44DF-8F61-9E4B805C5106}"
EndProject
Project("{FAE04EC0-301F-11D3-BF4B-00C04F79EFBC}") = "MongoDB_Api", "MongoDB_Api\MongoDB_Api.csproj", "{874F5CFD-4393-4E18-98C6-B13C8A5428AC}"
EndProject
Global
	GlobalSection(SolutionConfigurationPlatforms) = preSolution
		Debug|Any CPU = Debug|Any CPU
		Release|Any CPU = Release|Any CPU
	EndGlobalSection
	GlobalSection(ProjectConfigurationPlatforms) = postSolution
		{381883FF-3197-4270-ACEC-346955A1F967}.Debug|Any CPU.ActiveCfg = Debug|Any CPU
		{381883FF-3197-4270-ACEC-346955A1F967}.Debug|Any CPU.Build.0 = Debug|Any CPU
		{381883FF-3197-4270-ACEC-346955A1F967}.Release|Any CPU.ActiveCfg = Release|Any CPU
		{381883FF-3197-4270-ACEC-346955A1F967}.Release|Any CPU.Build.0 = Release|Any CPU
		{E24D7DB6-C460-4919-9037-A963C664AF52}.Debug|Any CPU.ActiveCfg = Debug|Any CPU
		{E24D7DB6-C460-4919-9037-A963C664AF52}.Debug|Any CPU.Build.0 = Debug|Any CPU
		{E24D7DB6-C460-4919-9037-A963C664AF52}.Release|Any CPU.ActiveCfg = Release|Any CPU
		{E24D7DB6-C460-4919-9037-A963C664AF52}.Release|Any CPU.Build.0 = Release|Any CPU
		{E7ECD6E4-432F-4746-A9E7-6EFB62748D5D}.Debug|Any CPU.ActiveCfg = Debug|Any CPU
		{E7ECD6E4-432F-4746-A9E7-6EFB62748D5D}.Debug|Any CPU.Build.0 = Debug|Any CPU
		{E7ECD6E4-432F-4746-A9E7-6EFB62748D5D}.Release|Any CPU.ActiveCfg = Release|Any CPU
		{E7ECD6E4-432F-4746-A9E7-6EFB62748D5D}.Release|Any CPU.Build.0 = Release|Any CPU
		{C2EDA77A-A9AB-4233-94B6-5A4059E3FA5C}.Debug|Any CPU.ActiveCfg = Debug|Any CPU
		{C2EDA77A-A9AB-4233-94B6-5A4059E3FA5C}.Debug|Any CPU.Build.0 = Debug|Any CPU
		{C2EDA77A-A9AB-4233-94B6-5A4059E3FA5C}.Release|Any CPU.ActiveCfg = Release|Any CPU
		{C2EDA77A-A9AB-4233-94B6-5A4059E3FA5C}.Release|Any CPU.Build.0 = Release|Any CPU
		{E6019777-2F42-4911-B4F5-4AA59E3CB17C}.Debug|Any CPU.ActiveCfg = Debug|Any CPU
		{E6019777-2F42-4911-B4F5-4AA59E3CB17C}.Debug|Any CPU.Build.0 = Debug|Any CPU
		{E6019777-2F42-4911-B4F5-4AA59E3CB17C}.Release|Any CPU.ActiveCfg = Release|Any CPU
		{E6019777-2F42-4911-B4F5-4AA59E3CB17C}.Release|Any CPU.Build.0 = Release|Any CPU
		{A62C1C5A-EAD4-47A7-B605-A3DF4864773D}.Debug|Any CPU.ActiveCfg = Debug|Any CPU
		{A62C1C5A-EAD4-47A7-B605-A3DF4864773D}.Debug|Any CPU.Build.0 = Debug|Any CPU
		{A62C1C5A-EAD4-47A7-B605-A3DF4864773D}.Release|Any CPU.ActiveCfg = Release|Any CPU
		{A62C1C5A-EAD4-47A7-B605-A3DF4864773D}.Release|Any CPU.Build.0 = Release|Any CPU
		{6B111ED3-CA50-4EDE-954F-0263C72A1610}.Debug|Any CPU.ActiveCfg = Debug|Any CPU
		{6B111ED3-CA50-4EDE-954F-0263C72A1610}.Debug|Any CPU.Build.0 = Debug|Any CPU
		{6B111ED3-CA50-4EDE-954F-0263C72A1610}.Release|Any CPU.ActiveCfg = Release|Any CPU
		{6B111ED3-CA50-4EDE-954F-0263C72A1610}.Release|Any CPU.Build.0 = Release|Any CPU
		{874F5CFD-4393-4E18-98C6-B13C8A5428AC}.Debug|Any CPU.ActiveCfg = Debug|Any CPU
		{874F5CFD-4393-4E18-98C6-B13C8A5428AC}.Debug|Any CPU.Build.0 = Debug|Any CPU
		{874F5CFD-4393-4E18-98C6-B13C8A5428AC}.Release|Any CPU.ActiveCfg = Release|Any CPU
		{874F5CFD-4393-4E18-98C6-B13C8A5428AC}.Release|Any CPU.Build.0 = Release|Any CPU
	EndGlobalSection
	GlobalSection(SolutionProperties) = preSolution
		HideSolutionNode = FALSE
	EndGlobalSection
	GlobalSection(NestedProjects) = preSolution
		{33D68A3B-59F3-4424-9244-29F7EB5E7124} = {E7965095-4266-4901-A0A5-7563C93EB527}
		{381883FF-3197-4270-ACEC-346955A1F967} = {33D68A3B-59F3-4424-9244-29F7EB5E7124}
		{E24D7DB6-C460-4919-9037-A963C664AF52} = {33D68A3B-59F3-4424-9244-29F7EB5E7124}
		{D28806CB-B1C1-4862-A9C8-34288B651B0C} = {E7965095-4266-4901-A0A5-7563C93EB527}
		{E7ECD6E4-432F-4746-A9E7-6EFB62748D5D} = {D28806CB-B1C1-4862-A9C8-34288B651B0C}
		{C2EDA77A-A9AB-4233-94B6-5A4059E3FA5C} = {D28806CB-B1C1-4862-A9C8-34288B651B0C}
		{D76B087B-2C35-4231-8AC3-305226FB1098} = {E7965095-4266-4901-A0A5-7563C93EB527}
		{E6019777-2F42-4911-B4F5-4AA59E3CB17C} = {D76B087B-2C35-4231-8AC3-305226FB1098}
		{A62C1C5A-EAD4-47A7-B605-A3DF4864773D} = {D76B087B-2C35-4231-8AC3-305226FB1098}
		{7E3BBFA3-5ED5-4BF0-9F07-0B5339213569} = {F7BACDB2-B8E9-47FC-A8F4-36663991CC15}
		{6B111ED3-CA50-4EDE-954F-0263C72A1610} = {7E3BBFA3-5ED5-4BF0-9F07-0B5339213569}
		{90E965AA-EE14-44DF-8F61-9E4B805C5106} = {F7BACDB2-B8E9-47FC-A8F4-36663991CC15}
		{874F5CFD-4393-4E18-98C6-B13C8A5428AC} = {90E965AA-EE14-44DF-8F61-9E4B805C5106}
	EndGlobalSection
	GlobalSection(ExtensibilityGlobals) = postSolution
		SolutionGuid = {B23B9754-ECE8-4AC4-84AC-52E4F8ACD4D6}
	EndGlobalSection
EndGlobal
